// !$*UTF8*$!
{
	archiveVersion = 1;
	classes = {
	};
	objectVersion = 46;
	objects = {

/* Begin PBXBuildFile section */
		FE15D50F19D952C500E0636A /* main.cpp in Sources */ = {isa = PBXBuildFile; fileRef = FE15D50E19D952C500E0636A /* main.cpp */; };
		FE15D51619D952D500E0636A /* OpenGL.framework in Frameworks */ = {isa = PBXBuildFile; fileRef = FE15D51519D952D500E0636A /* OpenGL.framework */; };
		FE15D51819D952DA00E0636A /* Cocoa.framework in Frameworks */ = {isa = PBXBuildFile; fileRef = FE15D51719D952DA00E0636A /* Cocoa.framework */; };
		FE15D51A19D952DF00E0636A /* CoreVideo.framework in Frameworks */ = {isa = PBXBuildFile; fileRef = FE15D51919D952DF00E0636A /* CoreVideo.framework */; };
		FE15D51C19D952EA00E0636A /* libglfw3.a in Frameworks */ = {isa = PBXBuildFile; fileRef = FE15D51B19D952EA00E0636A /* libglfw3.a */; };
		FE15D51E19D9569300E0636A /* CoreFoundation.framework in Frameworks */ = {isa = PBXBuildFile; fileRef = FE15D51D19D9569300E0636A /* CoreFoundation.framework */; };
		FE15D52019D956BD00E0636A /* IOKit.framework in Frameworks */ = {isa = PBXBuildFile; fileRef = FE15D51F19D956BD00E0636A /* IOKit.framework */; };
		FE15D54619D95DE700E0636A /* lodepng.cpp in Sources */ = {isa = PBXBuildFile; fileRef = FE15D54219D95DE700E0636A /* lodepng.cpp */; };
		FE15D54719D95DE700E0636A /* lodepng_util.cpp in Sources */ = {isa = PBXBuildFile; fileRef = FE15D54419D95DE700E0636A /* lodepng_util.cpp */; };
/* End PBXBuildFile section */

/* Begin PBXCopyFilesBuildPhase section */
		FE15D50919D952C500E0636A /* CopyFiles */ = {
			isa = PBXCopyFilesBuildPhase;
			buildActionMask = 2147483647;
			dstPath = /usr/share/man/man1/;
			dstSubfolderSpec = 0;
			files = (
			);
			runOnlyForDeploymentPostprocessing = 1;
		};
/* End PBXCopyFilesBuildPhase section */

/* Begin PBXFileReference section */
		FE15D50B19D952C500E0636A /* GLFWTest */ = {isa = PBXFileReference; explicitFileType = "compiled.mach-o.executable"; includeInIndex = 0; path = GLFWTest; sourceTree = BUILT_PRODUCTS_DIR; };
		FE15D50E19D952C500E0636A /* main.cpp */ = {isa = PBXFileReference; lastKnownFileType = sourcecode.cpp.cpp; path = main.cpp; sourceTree = "<group>"; };
		FE15D51519D952D500E0636A /* OpenGL.framework */ = {isa = PBXFileReference; lastKnownFileType = wrapper.framework; name = OpenGL.framework; path = System/Library/Frameworks/OpenGL.framework; sourceTree = SDKROOT; };
		FE15D51719D952DA00E0636A /* Cocoa.framework */ = {isa = PBXFileReference; lastKnownFileType = wrapper.framework; name = Cocoa.framework; path = System/Library/Frameworks/Cocoa.framework; sourceTree = SDKROOT; };
		FE15D51919D952DF00E0636A /* CoreVideo.framework */ = {isa = PBXFileReference; lastKnownFileType = wrapper.framework; name = CoreVideo.framework; path = System/Library/Frameworks/CoreVideo.framework; sourceTree = SDKROOT; };
		FE15D51B19D952EA00E0636A /* libglfw3.a */ = {isa = PBXFileReference; lastKnownFileType = archive.ar; name = libglfw3.a; path = ../../../../usr/local/lib/libglfw3.a; sourceTree = "<group>"; };
		FE15D51D19D9569300E0636A /* CoreFoundation.framework */ = {isa = PBXFileReference; lastKnownFileType = wrapper.framework; name = CoreFoundation.framework; path = System/Library/Frameworks/CoreFoundation.framework; sourceTree = SDKROOT; };
		FE15D51F19D956BD00E0636A /* IOKit.framework */ = {isa = PBXFileReference; lastKnownFileType = wrapper.framework; name = IOKit.framework; path = System/Library/Frameworks/IOKit.framework; sourceTree = SDKROOT; };
		FE15D54219D95DE700E0636A /* lodepng.cpp */ = {isa = PBXFileReference; fileEncoding = 4; lastKnownFileType = sourcecode.cpp.cpp; path = lodepng.cpp; sourceTree = "<group>"; };
		FE15D54319D95DE700E0636A /* lodepng.h */ = {isa = PBXFileReference; fileEncoding = 4; lastKnownFileType = sourcecode.c.h; path = lodepng.h; sourceTree = "<group>"; };
		FE15D54419D95DE700E0636A /* lodepng_util.cpp */ = {isa = PBXFileReference; fileEncoding = 4; lastKnownFileType = sourcecode.cpp.cpp; path = lodepng_util.cpp; sourceTree = "<group>"; };
		FE15D54519D95DE700E0636A /* lodepng_util.h */ = {isa = PBXFileReference; fileEncoding = 4; lastKnownFileType = sourcecode.c.h; path = lodepng_util.h; sourceTree = "<group>"; };
		FE15D54A19D9718800E0636A /* service_functions.h */ = {isa = PBXFileReference; lastKnownFileType = sourcecode.c.h; path = service_functions.h; sourceTree = "<group>"; };
/* End PBXFileReference section */

/* Begin PBXFrameworksBuildPhase section */
		FE15D50819D952C500E0636A /* Frameworks */ = {
			isa = PBXFrameworksBuildPhase;
			buildActionMask = 2147483647;
			files = (
				FE15D52019D956BD00E0636A /* IOKit.framework in Frameworks */,
				FE15D51E19D9569300E0636A /* CoreFoundation.framework in Frameworks */,
				FE15D51C19D952EA00E0636A /* libglfw3.a in Frameworks */,
				FE15D51A19D952DF00E0636A /* CoreVideo.framework in Frameworks */,
				FE15D51819D952DA00E0636A /* Cocoa.framework in Frameworks */,
				FE15D51619D952D500E0636A /* OpenGL.framework in Frameworks */,
			);
			runOnlyForDeploymentPostprocessing = 0;
		};
/* End PBXFrameworksBuildPhase section */

/* Begin PBXGroup section */
		FE15D50219D952C500E0636A = {
			isa = PBXGroup;
			children = (
				FE15D51F19D956BD00E0636A /* IOKit.framework */,
				FE15D51D19D9569300E0636A /* CoreFoundation.framework */,
				FE15D51B19D952EA00E0636A /* libglfw3.a */,
				FE15D51919D952DF00E0636A /* CoreVideo.framework */,
				FE15D51719D952DA00E0636A /* Cocoa.framework */,
				FE15D51519D952D500E0636A /* OpenGL.framework */,
				FE15D50D19D952C500E0636A /* GLFWTest */,
				FE15D50C19D952C500E0636A /* Products */,
			);
			sourceTree = "<group>";
		};
		FE15D50C19D952C500E0636A /* Products */ = {
			isa = PBXGroup;
			children = (
				FE15D50B19D952C500E0636A /* GLFWTest */,
			);
			name = Products;
			sourceTree = "<group>";
		};
		FE15D50D19D952C500E0636A /* GLFWTest */ = {
			isa = PBXGroup;
			children = (
				FE15D54119D95DE700E0636A /* png_loader */,
				FE15D50E19D952C500E0636A /* main.cpp */,
				FE15D54A19D9718800E0636A /* service_functions.h */,
			);
			path = GLFWTest;
			sourceTree = "<group>";
		};
		FE15D54119D95DE700E0636A /* png_loader */ = {
			isa = PBXGroup;
			children = (
				FE15D54219D95DE700E0636A /* lodepng.cpp */,
				FE15D54319D95DE700E0636A /* lodepng.h */,
				FE15D54419D95DE700E0636A /* lodepng_util.cpp */,
				FE15D54519D95DE700E0636A /* lodepng_util.h */,
			);
			path = png_loader;
			sourceTree = "<group>";
		};
/* End PBXGroup section */

/* Begin PBXNativeTarget section */
		FE15D50A19D952C500E0636A /* GLFWTest */ = {
			isa = PBXNativeTarget;
			buildConfigurationList = FE15D51219D952C500E0636A /* Build configuration list for PBXNativeTarget "GLFWTest" */;
			buildPhases = (
				FE15D50719D952C500E0636A /* Sources */,
				FE15D50819D952C500E0636A /* Frameworks */,
				FE15D50919D952C500E0636A /* CopyFiles */,
			);
			buildRules = (
			);
			dependencies = (
			);
			name = GLFWTest;
			productName = GLFWTest;
			productReference = FE15D50B19D952C500E0636A /* GLFWTest */;
			productType = "com.apple.product-type.tool";
		};
/* End PBXNativeTarget section */

/* Begin PBXProject section */
		FE15D50319D952C500E0636A /* Project object */ = {
			isa = PBXProject;
			attributes = {
				LastUpgradeCheck = 0600;
				ORGANIZATIONNAME = "Andrey Naboka";
				TargetAttributes = {
					FE15D50A19D952C500E0636A = {
						CreatedOnToolsVersion = 6.0.1;
					};
				};
			};
			buildConfigurationList = FE15D50619D952C500E0636A /* Build configuration list for PBXProject "GLFWTest" */;
			compatibilityVersion = "Xcode 3.2";
			developmentRegion = English;
			hasScannedForEncodings = 0;
			knownRegions = (
				en,
			);
			mainGroup = FE15D50219D952C500E0636A;
			productRefGroup = FE15D50C19D952C500E0636A /* Products */;
			projectDirPath = "";
			projectRoot = "";
			targets = (
				FE15D50A19D952C500E0636A /* GLFWTest */,
			);
		};
/* End PBXProject section */

/* Begin PBXSourcesBuildPhase section */
		FE15D50719D952C500E0636A /* Sources */ = {
			isa = PBXSourcesBuildPhase;
			buildActionMask = 2147483647;
			files = (
				FE15D50F19D952C500E0636A /* main.cpp in Sources */,
				FE15D54719D95DE700E0636A /* lodepng_util.cpp in Sources */,
				FE15D54619D95DE700E0636A /* lodepng.cpp in Sources */,
			);
			runOnlyForDeploymentPostprocessing = 0;
		};
/* End PBXSourcesBuildPhase section */

/* Begin XCBuildConfiguration section */
		FE15D51019D952C500E0636A /* Debug */ = {
			isa = XCBuildConfiguration;
			buildSettings = {
				ALWAYS_SEARCH_USER_PATHS = NO;
				ARCHS = "$(ARCHS_STANDARD_32_64_BIT)";
				CLANG_CXX_LANGUAGE_STANDARD = "gnu++0x";
				CLANG_CXX_LIBRARY = "libc++";
				CLANG_ENABLE_MODULES = YES;
				CLANG_ENABLE_OBJC_ARC = YES;
				CLANG_WARN_BOOL_CONVERSION = YES;
				CLANG_WARN_CONSTANT_CONVERSION = YES;
				CLANG_WARN_DIRECT_OBJC_ISA_USAGE = YES_ERROR;
				CLANG_WARN_EMPTY_BODY = YES;
				CLANG_WARN_ENUM_CONVERSION = YES;
				CLANG_WARN_INT_CONVERSION = YES;
				CLANG_WARN_OBJC_ROOT_CLASS = YES_ERROR;
				CLANG_WARN_UNREACHABLE_CODE = YES;
				CLANG_WARN__DUPLICATE_METHOD_MATCH = YES;
				COPY_PHASE_STRIP = NO;
				ENABLE_STRICT_OBJC_MSGSEND = YES;
				GCC_C_LANGUAGE_STANDARD = gnu99;
				GCC_DYNAMIC_NO_PIC = NO;
				GCC_OPTIMIZATION_LEVEL = 0;
				GCC_PREPROCESSOR_DEFINITIONS = (
					"DEBUG=1",
					"$(inherited)",
				);
				GCC_SYMBOLS_PRIVATE_EXTERN = NO;
				GCC_WARN_64_TO_32_BIT_CONVERSION = YES;
				GCC_WARN_ABOUT_RETURN_TYPE = YES_ERROR;
				GCC_WARN_UNDECLARED_SELECTOR = YES;
				GCC_WARN_UNINITIALIZED_AUTOS = YES_AGGRESSIVE;
				GCC_WARN_UNUSED_FUNCTION = YES;
				GCC_WARN_UNUSED_VARIABLE = YES;
				MACOSX_DEPLOYMENT_TARGET = 10.9;
				MTL_ENABLE_DEBUG_INFO = YES;
				ONLY_ACTIVE_ARCH = YES;
				SDKROOT = macosx;
			};
			name = Debug;
		};
		FE15D51119D952C500E0636A /* Release */ = {
			isa = XCBuildConfiguration;
			buildSettings = {
				ALWAYS_SEARCH_USER_PATHS = NO;
				ARCHS = "$(ARCHS_STANDARD_32_64_BIT)";
				CLANG_CXX_LANGUAGE_STANDARD = "gnu++0x";
				CLANG_CXX_LIBRARY = "libc++";
				CLANG_ENABLE_MODULES = YES;
				CLANG_ENABLE_OBJC_ARC = YES;
				CLANG_WARN_BOOL_CONVERSION = YES;
				CLANG_WARN_CONSTANT_CONVERSION = YES;
				CLANG_WARN_DIRECT_OBJC_ISA_USAGE = YES_ERROR;
				CLANG_WARN_EMPTY_BODY = YES;
				CLANG_WARN_ENUM_CONVERSION = YES;
				CLANG_WARN_INT_CONVERSION = YES;
				CLANG_WARN_OBJC_ROOT_CLASS = YES_ERROR;
				CLANG_WARN_UNREACHABLE_CODE = YES;
				CLANG_WARN__DUPLICATE_METHOD_MATCH = YES;
				COPY_PHASE_STRIP = YES;
				DEBUG_INFORMATION_FORMAT = "dwarf-with-dsym";
				ENABLE_NS_ASSERTIONS = NO;
				ENABLE_STRICT_OBJC_MSGSEND = YES;
				GCC_C_LANGUAGE_STANDARD = gnu99;
				GCC_WARN_64_TO_32_BIT_CONVERSION = YES;
				GCC_WARN_ABOUT_RETURN_TYPE = YES_ERROR;
				GCC_WARN_UNDECLARED_SELECTOR = YES;
				GCC_WARN_UNINITIALIZED_AUTOS = YES_AGGRESSIVE;
				GCC_WARN_UNUSED_FUNCTION = YES;
				GCC_WARN_UNUSED_VARIABLE = YES;
				MACOSX_DEPLOYMENT_TARGET = 10.9;
				MTL_ENABLE_DEBUG_INFO = NO;
				SDKROOT = macosx;
			};
			name = Release;
		};
		FE15D51319D952C500E0636A /* Debug */ = {
			isa = XCBuildConfiguration;
			buildSettings = {
				HEADER_SEARCH_PATHS = (
					"$(inherited)",
					/Applications/Xcode.app/Contents/Developer/Toolchains/XcodeDefault.xctoolchain/usr/include,
					/usr/local/include,
					/usr/include,
				);
				LIBRARY_SEARCH_PATHS = (
					/usr/local/lib,
					/usr/lib,
				);
				PRODUCT_NAME = "$(TARGET_NAME)";
			};
			name = Debug;
		};
		FE15D51419D952C500E0636A /* Release */ = {
			isa = XCBuildConfiguration;
			buildSettings = {
				HEADER_SEARCH_PATHS = (
					"$(inherited)",
					/Applications/Xcode.app/Contents/Developer/Toolchains/XcodeDefault.xctoolchain/usr/include,
					/usr/local/include,
					/usr/include,
				);
				LIBRARY_SEARCH_PATHS = (
					/usr/local/lib,
					/usr/lib,
				);
				PRODUCT_NAME = "$(TARGET_NAME)";
			};
			name = Release;
		};
/* End XCBuildConfiguration section */

/* Begin XCConfigurationList section */
		FE15D50619D952C500E0636A /* Build configuration list for PBXProject "GLFWTest" */ = {
			isa = XCConfigurationList;
			buildConfigurations = (
				FE15D51019D952C500E0636A /* Debug */,
				FE15D51119D952C500E0636A /* Release */,
			);
			defaultConfigurationIsVisible = 0;
			defaultConfigurationName = Release;
		};
		FE15D51219D952C500E0636A /* Build configuration list for PBXNativeTarget "GLFWTest" */ = {
			isa = XCConfigurationList;
			buildConfigurations = (
				FE15D51319D952C500E0636A /* Debug */,
				FE15D51419D952C500E0636A /* Release */,
			);
			defaultConfigurationIsVisible = 0;
		};
/* End XCConfigurationList section */
	};
	rootObject = FE15D50319D952C500E0636A /* Project object */;
}
